
Microsoft Visual Studio Solution File, Format Version 12.00
# Visual Studio Version 17
VisualStudioVersion = 17.3.32929.385
MinimumVisualStudioVersion = 10.0.40219.1
Project("{FAE04EC0-301F-11D3-BF4B-00C04F79EFBC}") = "Molnar_Lorand_Lab1", "Molnar_Lorand_Lab1.csproj", "{4A3A4099-6894-48E1-9644-60E11DA0674F}"
EndProject
Global
	GlobalSection(SolutionConfigurationPlatforms) = preSolution
		Debug|Any CPU = Debug|Any CPU
		Release|Any CPU = Release|Any CPU
	EndGlobalSection
	GlobalSection(ProjectConfigurationPlatforms) = postSolution
		{4A3A4099-6894-48E1-9644-60E11DA0674F}.Debug|Any CPU.ActiveCfg = Debug|Any CPU
		{4A3A4099-6894-48E1-9644-60E11DA0674F}.Debug|Any CPU.Build.0 = Debug|Any CPU
		{4A3A4099-6894-48E1-9644-60E11DA0674F}.Release|Any CPU.ActiveCfg = Release|Any CPU
		{4A3A4099-6894-48E1-9644-60E11DA0674F}.Release|Any CPU.Build.0 = Release|Any CPU
	EndGlobalSection
	GlobalSection(SolutionProperties) = preSolution
		HideSolutionNode = FALSE
	EndGlobalSection
	GlobalSection(ExtensibilityGlobals) = postSolution
		SolutionGuid = {F71923EF-2AC1-452B-9425-E3069F0C96D8}
	EndGlobalSection
EndGlobal
